
Microsoft Visual Studio Solution File, Format Version 12.00
# Visual Studio Version 16
VisualStudioVersion = 16.0.31605.320
MinimumVisualStudioVersion = 10.0.40219.1
Project("{FAE04EC0-301F-11D3-BF4B-00C04F79EFBC}") = "WebApii", "WebApii\WebApii.csproj", "{F64EC083-7BE0-4889-A886-BF4BFC662177}"
EndProject
Global
	GlobalSection(SolutionConfigurationPlatforms) = preSolution
		Debug|Any CPU = Debug|Any CPU
		Release|Any CPU = Release|Any CPU
	EndGlobalSection
	GlobalSection(ProjectConfigurationPlatforms) = postSolution
		{F64EC083-7BE0-4889-A886-BF4BFC662177}.Debug|Any CPU.ActiveCfg = Debug|Any CPU
		{F64EC083-7BE0-4889-A886-BF4BFC662177}.Debug|Any CPU.Build.0 = Debug|Any CPU
		{F64EC083-7BE0-4889-A886-BF4BFC662177}.Release|Any CPU.ActiveCfg = Release|Any CPU
		{F64EC083-7BE0-4889-A886-BF4BFC662177}.Release|Any CPU.Build.0 = Release|Any CPU
	EndGlobalSection
	GlobalSection(SolutionProperties) = preSolution
		HideSolutionNode = FALSE
	EndGlobalSection
	GlobalSection(ExtensibilityGlobals) = postSolution
		SolutionGuid = {897E815D-982B-45BA-A005-094B046ED0AA}
	EndGlobalSection
EndGlobal
